// !$*UTF8*$!
{
	archiveVersion = 1;
	classes = {
	};
	objectVersion = 55;
	objects = {

/* Begin PBXBuildFile section */
		1910B155281C552700941BC3 /* LaunchScreen.storyboard in Resources */ = {isa = PBXBuildFile; fileRef = 1910B153281C552700941BC3 /* LaunchScreen.storyboard */; };
		1910B160281C552800941BC3 /* TheCalendarAppTests.swift in Sources */ = {isa = PBXBuildFile; fileRef = 1910B15F281C552800941BC3 /* TheCalendarAppTests.swift */; };
		1910B16A281C552800941BC3 /* TheCalendarAppUITests.swift in Sources */ = {isa = PBXBuildFile; fileRef = 1910B169281C552800941BC3 /* TheCalendarAppUITests.swift */; };
		1910B16C281C552800941BC3 /* TheCalendarAppUITestsLaunchTests.swift in Sources */ = {isa = PBXBuildFile; fileRef = 1910B16B281C552800941BC3 /* TheCalendarAppUITestsLaunchTests.swift */; };
		1910B190281C553400941BC3 /* AppConstants.swift in Sources */ = {isa = PBXBuildFile; fileRef = 1910B179281C553400941BC3 /* AppConstants.swift */; };
		1910B191281C553400941BC3 /* AppDelegate.swift in Sources */ = {isa = PBXBuildFile; fileRef = 1910B17A281C553400941BC3 /* AppDelegate.swift */; };
		1910B192281C553400941BC3 /* Application.swift in Sources */ = {isa = PBXBuildFile; fileRef = 1910B17B281C553400941BC3 /* Application.swift */; };
		1910B194281C553400941BC3 /* Reusable.swift in Sources */ = {isa = PBXBuildFile; fileRef = 1910B17F281C553400941BC3 /* Reusable.swift */; };
		1910B195281C553400941BC3 /* DebugPrint.swift in Sources */ = {isa = PBXBuildFile; fileRef = 1910B180281C553400941BC3 /* DebugPrint.swift */; };
		1910B198281C553400941BC3 /* Localizable.strings in Resources */ = {isa = PBXBuildFile; fileRef = 1910B186281C553400941BC3 /* Localizable.strings */; };
		1910B199281C553400941BC3 /* Locales.swift in Sources */ = {isa = PBXBuildFile; fileRef = 1910B189281C553400941BC3 /* Locales.swift */; };
		1910B19A281C553400941BC3 /* Assets.xcassets in Resources */ = {isa = PBXBuildFile; fileRef = 1910B18A281C553400941BC3 /* Assets.xcassets */; };
		1910B1A0281C556500941BC3 /* CoordinatorProtocol.swift in Sources */ = {isa = PBXBuildFile; fileRef = 1910B19E281C556500941BC3 /* CoordinatorProtocol.swift */; };
		1910B1A1281C556500941BC3 /* AppCoordinator.swift in Sources */ = {isa = PBXBuildFile; fileRef = 1910B19F281C556500941BC3 /* AppCoordinator.swift */; };
		1910B1A9281C566F00941BC3 /* CalendarPresenter.swift in Sources */ = {isa = PBXBuildFile; fileRef = 1910B1A3281C566F00941BC3 /* CalendarPresenter.swift */; };
		1910B1AA281C566F00941BC3 /* CalendarVC.swift in Sources */ = {isa = PBXBuildFile; fileRef = 1910B1A4281C566F00941BC3 /* CalendarVC.swift */; };
		1910B1AB281C566F00941BC3 /* Calendar.storyboard in Resources */ = {isa = PBXBuildFile; fileRef = 1910B1A5281C566F00941BC3 /* Calendar.storyboard */; };
		1910B1AC281C566F00941BC3 /* CalendarConfigurator.swift in Sources */ = {isa = PBXBuildFile; fileRef = 1910B1A7281C566F00941BC3 /* CalendarConfigurator.swift */; };
		1910B1AD281C566F00941BC3 /* CalendarContract.swift in Sources */ = {isa = PBXBuildFile; fileRef = 1910B1A8281C566F00941BC3 /* CalendarContract.swift */; };
		1910B1AF281C570E00941BC3 /* CalendarCoordinator.swift in Sources */ = {isa = PBXBuildFile; fileRef = 1910B1AE281C570E00941BC3 /* CalendarCoordinator.swift */; };
		1910B1B3281C582000941BC3 /* BookingCell.swift in Sources */ = {isa = PBXBuildFile; fileRef = 1910B1B1281C582000941BC3 /* BookingCell.swift */; };
		1910B1B4281C582000941BC3 /* BookingCell.xib in Resources */ = {isa = PBXBuildFile; fileRef = 1910B1B2281C582000941BC3 /* BookingCell.xib */; };
		1910B1C2281C5B8300941BC3 /* CalendarView.xib in Resources */ = {isa = PBXBuildFile; fileRef = 1910B1B7281C5B8300941BC3 /* CalendarView.xib */; };
		1910B1C3281C5B8300941BC3 /* CalendarCell.xib in Resources */ = {isa = PBXBuildFile; fileRef = 1910B1B8281C5B8300941BC3 /* CalendarCell.xib */; };
		1910B1C4281C5B8300941BC3 /* CalendarDay.swift in Sources */ = {isa = PBXBuildFile; fileRef = 1910B1B9281C5B8300941BC3 /* CalendarDay.swift */; };
		1910B1C5281C5B8300941BC3 /* CalendarCell.swift in Sources */ = {isa = PBXBuildFile; fileRef = 1910B1BA281C5B8300941BC3 /* CalendarCell.swift */; };
		1910B1C6281C5B8300941BC3 /* CalendarView.swift in Sources */ = {isa = PBXBuildFile; fileRef = 1910B1BB281C5B8300941BC3 /* CalendarView.swift */; };
		1910B1C7281C5B8300941BC3 /* AnimationClass.swift in Sources */ = {isa = PBXBuildFile; fileRef = 1910B1BD281C5B8300941BC3 /* AnimationClass.swift */; };
		1910B1C8281C5B8300941BC3 /* AnimationView.swift in Sources */ = {isa = PBXBuildFile; fileRef = 1910B1BE281C5B8300941BC3 /* AnimationView.swift */; };
		1910B1CF281C5C3E00941BC3 /* Colors.xcassets in Resources */ = {isa = PBXBuildFile; fileRef = 1910B1CD281C5C3E00941BC3 /* Colors.xcassets */; };
		1910B1D0281C5C3E00941BC3 /* Colors.swift in Sources */ = {isa = PBXBuildFile; fileRef = 1910B1CE281C5C3E00941BC3 /* Colors.swift */; };
		1910B1DB281C5C6600941BC3 /* DMSans-Regular.ttf in Resources */ = {isa = PBXBuildFile; fileRef = 1910B1D4281C5C6600941BC3 /* DMSans-Regular.ttf */; };
		1910B1DC281C5C6600941BC3 /* DMSans-Medium.ttf in Resources */ = {isa = PBXBuildFile; fileRef = 1910B1D5281C5C6600941BC3 /* DMSans-Medium.ttf */; };
		1910B1DD281C5C6600941BC3 /* DMSans-Bold.ttf in Resources */ = {isa = PBXBuildFile; fileRef = 1910B1D6281C5C6600941BC3 /* DMSans-Bold.ttf */; };
		1910B1DE281C5C6600941BC3 /* DMSans-BoldItalic.ttf in Resources */ = {isa = PBXBuildFile; fileRef = 1910B1D7281C5C6600941BC3 /* DMSans-BoldItalic.ttf */; };
		1910B1DF281C5C6600941BC3 /* DMSans-MediumItalic.ttf in Resources */ = {isa = PBXBuildFile; fileRef = 1910B1D8281C5C6600941BC3 /* DMSans-MediumItalic.ttf */; };
		1910B1E0281C5C6600941BC3 /* DMSans-Italic.ttf in Resources */ = {isa = PBXBuildFile; fileRef = 1910B1D9281C5C6600941BC3 /* DMSans-Italic.ttf */; };
		1910B1E1281C5C6600941BC3 /* Fonts.swift in Sources */ = {isa = PBXBuildFile; fileRef = 1910B1DA281C5C6600941BC3 /* Fonts.swift */; };
		1910B1E3281C5CD000941BC3 /* Date+Ext.swift in Sources */ = {isa = PBXBuildFile; fileRef = 1910B1E2281C5CD000941BC3 /* Date+Ext.swift */; };
		1910B1E5281C646D00941BC3 /* UIView+Ext.swift in Sources */ = {isa = PBXBuildFile; fileRef = 1910B1E4281C646D00941BC3 /* UIView+Ext.swift */; };
		2CA1351906ED0DE2BA14AACB /* Pods_TheCalendarAppTests.framework in Frameworks */ = {isa = PBXBuildFile; fileRef = D1D15E7F3D0461908F3E6C02 /* Pods_TheCalendarAppTests.framework */; };
		65513B43EB213430BD1B7BBD /* Pods_TheCalendarApp.framework in Frameworks */ = {isa = PBXBuildFile; fileRef = E40F1334CD0C6CD23C757299 /* Pods_TheCalendarApp.framework */; };
/* End PBXBuildFile section */

/* Begin PBXContainerItemProxy section */
		1910B15C281C552800941BC3 /* PBXContainerItemProxy */ = {
			isa = PBXContainerItemProxy;
			containerPortal = 1910B13D281C552600941BC3 /* Project object */;
			proxyType = 1;
			remoteGlobalIDString = 1910B144281C552600941BC3;
			remoteInfo = TheCalendarApp;
		};
		1910B166281C552800941BC3 /* PBXContainerItemProxy */ = {
			isa = PBXContainerItemProxy;
			containerPortal = 1910B13D281C552600941BC3 /* Project object */;
			proxyType = 1;
			remoteGlobalIDString = 1910B144281C552600941BC3;
			remoteInfo = TheCalendarApp;
		};
/* End PBXContainerItemProxy section */

/* Begin PBXFileReference section */
		1910B145281C552600941BC3 /* TheCalendarApp.app */ = {isa = PBXFileReference; explicitFileType = wrapper.application; includeInIndex = 0; path = TheCalendarApp.app; sourceTree = BUILT_PRODUCTS_DIR; };
		1910B154281C552700941BC3 /* Base */ = {isa = PBXFileReference; lastKnownFileType = file.storyboard; name = Base; path = Base.lproj/LaunchScreen.storyboard; sourceTree = "<group>"; };
		1910B156281C552700941BC3 /* Info.plist */ = {isa = PBXFileReference; lastKnownFileType = text.plist.xml; path = Info.plist; sourceTree = "<group>"; };
		1910B15B281C552800941BC3 /* TheCalendarAppTests.xctest */ = {isa = PBXFileReference; explicitFileType = wrapper.cfbundle; includeInIndex = 0; path = TheCalendarAppTests.xctest; sourceTree = BUILT_PRODUCTS_DIR; };
		1910B15F281C552800941BC3 /* TheCalendarAppTests.swift */ = {isa = PBXFileReference; lastKnownFileType = sourcecode.swift; path = TheCalendarAppTests.swift; sourceTree = "<group>"; };
		1910B165281C552800941BC3 /* TheCalendarAppUITests.xctest */ = {isa = PBXFileReference; explicitFileType = wrapper.cfbundle; includeInIndex = 0; path = TheCalendarAppUITests.xctest; sourceTree = BUILT_PRODUCTS_DIR; };
		1910B169281C552800941BC3 /* TheCalendarAppUITests.swift */ = {isa = PBXFileReference; lastKnownFileType = sourcecode.swift; path = TheCalendarAppUITests.swift; sourceTree = "<group>"; };
		1910B16B281C552800941BC3 /* TheCalendarAppUITestsLaunchTests.swift */ = {isa = PBXFileReference; lastKnownFileType = sourcecode.swift; path = TheCalendarAppUITestsLaunchTests.swift; sourceTree = "<group>"; };
		1910B179281C553400941BC3 /* AppConstants.swift */ = {isa = PBXFileReference; fileEncoding = 4; lastKnownFileType = sourcecode.swift; path = AppConstants.swift; sourceTree = "<group>"; };
		1910B17A281C553400941BC3 /* AppDelegate.swift */ = {isa = PBXFileReference; fileEncoding = 4; lastKnownFileType = sourcecode.swift; path = AppDelegate.swift; sourceTree = "<group>"; };
		1910B17B281C553400941BC3 /* Application.swift */ = {isa = PBXFileReference; fileEncoding = 4; lastKnownFileType = sourcecode.swift; path = Application.swift; sourceTree = "<group>"; };
		1910B17F281C553400941BC3 /* Reusable.swift */ = {isa = PBXFileReference; fileEncoding = 4; lastKnownFileType = sourcecode.swift; path = Reusable.swift; sourceTree = "<group>"; };
		1910B180281C553400941BC3 /* DebugPrint.swift */ = {isa = PBXFileReference; fileEncoding = 4; lastKnownFileType = sourcecode.swift; path = DebugPrint.swift; sourceTree = "<group>"; };
		1910B187281C553400941BC3 /* en */ = {isa = PBXFileReference; lastKnownFileType = text.plist.strings; name = en; path = en.lproj/Localizable.strings; sourceTree = "<group>"; };
		1910B188281C553400941BC3 /* es */ = {isa = PBXFileReference; lastKnownFileType = text.plist.strings; name = es; path = es.lproj/Localizable.strings; sourceTree = "<group>"; };
		1910B189281C553400941BC3 /* Locales.swift */ = {isa = PBXFileReference; fileEncoding = 4; lastKnownFileType = sourcecode.swift; path = Locales.swift; sourceTree = "<group>"; };
		1910B18A281C553400941BC3 /* Assets.xcassets */ = {isa = PBXFileReference; lastKnownFileType = folder.assetcatalog; path = Assets.xcassets; sourceTree = "<group>"; };
		1910B19E281C556500941BC3 /* CoordinatorProtocol.swift */ = {isa = PBXFileReference; fileEncoding = 4; lastKnownFileType = sourcecode.swift; path = CoordinatorProtocol.swift; sourceTree = "<group>"; };
		1910B19F281C556500941BC3 /* AppCoordinator.swift */ = {isa = PBXFileReference; fileEncoding = 4; lastKnownFileType = sourcecode.swift; path = AppCoordinator.swift; sourceTree = "<group>"; };
		1910B1A3281C566F00941BC3 /* CalendarPresenter.swift */ = {isa = PBXFileReference; fileEncoding = 4; lastKnownFileType = sourcecode.swift; path = CalendarPresenter.swift; sourceTree = "<group>"; };
		1910B1A4281C566F00941BC3 /* CalendarVC.swift */ = {isa = PBXFileReference; fileEncoding = 4; lastKnownFileType = sourcecode.swift; path = CalendarVC.swift; sourceTree = "<group>"; };
		1910B1A6281C566F00941BC3 /* Base */ = {isa = PBXFileReference; lastKnownFileType = file.storyboard; name = Base; path = Base.lproj/Calendar.storyboard; sourceTree = "<group>"; };
		1910B1A7281C566F00941BC3 /* CalendarConfigurator.swift */ = {isa = PBXFileReference; fileEncoding = 4; lastKnownFileType = sourcecode.swift; path = CalendarConfigurator.swift; sourceTree = "<group>"; };
		1910B1A8281C566F00941BC3 /* CalendarContract.swift */ = {isa = PBXFileReference; fileEncoding = 4; lastKnownFileType = sourcecode.swift; path = CalendarContract.swift; sourceTree = "<group>"; };
		1910B1AE281C570E00941BC3 /* CalendarCoordinator.swift */ = {isa = PBXFileReference; fileEncoding = 4; lastKnownFileType = sourcecode.swift; path = CalendarCoordinator.swift; sourceTree = "<group>"; };
		1910B1B1281C582000941BC3 /* BookingCell.swift */ = {isa = PBXFileReference; lastKnownFileType = sourcecode.swift; path = BookingCell.swift; sourceTree = "<group>"; };
		1910B1B2281C582000941BC3 /* BookingCell.xib */ = {isa = PBXFileReference; lastKnownFileType = file.xib; path = BookingCell.xib; sourceTree = "<group>"; };
		1910B1B7281C5B8300941BC3 /* CalendarView.xib */ = {isa = PBXFileReference; fileEncoding = 4; lastKnownFileType = file.xib; path = CalendarView.xib; sourceTree = "<group>"; };
		1910B1B8281C5B8300941BC3 /* CalendarCell.xib */ = {isa = PBXFileReference; fileEncoding = 4; lastKnownFileType = file.xib; path = CalendarCell.xib; sourceTree = "<group>"; };
		1910B1B9281C5B8300941BC3 /* CalendarDay.swift */ = {isa = PBXFileReference; fileEncoding = 4; lastKnownFileType = sourcecode.swift; path = CalendarDay.swift; sourceTree = "<group>"; };
		1910B1BA281C5B8300941BC3 /* CalendarCell.swift */ = {isa = PBXFileReference; fileEncoding = 4; lastKnownFileType = sourcecode.swift; path = CalendarCell.swift; sourceTree = "<group>"; };
		1910B1BB281C5B8300941BC3 /* CalendarView.swift */ = {isa = PBXFileReference; fileEncoding = 4; lastKnownFileType = sourcecode.swift; path = CalendarView.swift; sourceTree = "<group>"; };
		1910B1BD281C5B8300941BC3 /* AnimationClass.swift */ = {isa = PBXFileReference; fileEncoding = 4; lastKnownFileType = sourcecode.swift; path = AnimationClass.swift; sourceTree = "<group>"; };
		1910B1BE281C5B8300941BC3 /* AnimationView.swift */ = {isa = PBXFileReference; fileEncoding = 4; lastKnownFileType = sourcecode.swift; path = AnimationView.swift; sourceTree = "<group>"; };
		1910B1CD281C5C3E00941BC3 /* Colors.xcassets */ = {isa = PBXFileReference; lastKnownFileType = folder.assetcatalog; path = Colors.xcassets; sourceTree = "<group>"; };
		1910B1CE281C5C3E00941BC3 /* Colors.swift */ = {isa = PBXFileReference; fileEncoding = 4; lastKnownFileType = sourcecode.swift; path = Colors.swift; sourceTree = "<group>"; };
		1910B1D4281C5C6600941BC3 /* DMSans-Regular.ttf */ = {isa = PBXFileReference; lastKnownFileType = file; path = "DMSans-Regular.ttf"; sourceTree = "<group>"; };
		1910B1D5281C5C6600941BC3 /* DMSans-Medium.ttf */ = {isa = PBXFileReference; lastKnownFileType = file; path = "DMSans-Medium.ttf"; sourceTree = "<group>"; };
		1910B1D6281C5C6600941BC3 /* DMSans-Bold.ttf */ = {isa = PBXFileReference; lastKnownFileType = file; path = "DMSans-Bold.ttf"; sourceTree = "<group>"; };
		1910B1D7281C5C6600941BC3 /* DMSans-BoldItalic.ttf */ = {isa = PBXFileReference; lastKnownFileType = file; path = "DMSans-BoldItalic.ttf"; sourceTree = "<group>"; };
		1910B1D8281C5C6600941BC3 /* DMSans-MediumItalic.ttf */ = {isa = PBXFileReference; lastKnownFileType = file; path = "DMSans-MediumItalic.ttf"; sourceTree = "<group>"; };
		1910B1D9281C5C6600941BC3 /* DMSans-Italic.ttf */ = {isa = PBXFileReference; lastKnownFileType = file; path = "DMSans-Italic.ttf"; sourceTree = "<group>"; };
		1910B1DA281C5C6600941BC3 /* Fonts.swift */ = {isa = PBXFileReference; fileEncoding = 4; lastKnownFileType = sourcecode.swift; path = Fonts.swift; sourceTree = "<group>"; };
		1910B1E2281C5CD000941BC3 /* Date+Ext.swift */ = {isa = PBXFileReference; fileEncoding = 4; lastKnownFileType = sourcecode.swift; path = "Date+Ext.swift"; sourceTree = "<group>"; };
		1910B1E4281C646D00941BC3 /* UIView+Ext.swift */ = {isa = PBXFileReference; fileEncoding = 4; lastKnownFileType = sourcecode.swift; path = "UIView+Ext.swift"; sourceTree = "<group>"; };
		3EDB7E8658CE90AB16AEF123 /* Pods-TheCalendarApp.debug.xcconfig */ = {isa = PBXFileReference; includeInIndex = 1; lastKnownFileType = text.xcconfig; name = "Pods-TheCalendarApp.debug.xcconfig"; path = "Target Support Files/Pods-TheCalendarApp/Pods-TheCalendarApp.debug.xcconfig"; sourceTree = "<group>"; };
		A0636BA58AE5A162810CE722 /* Pods-TheCalendarAppTests.release.xcconfig */ = {isa = PBXFileReference; includeInIndex = 1; lastKnownFileType = text.xcconfig; name = "Pods-TheCalendarAppTests.release.xcconfig"; path = "Target Support Files/Pods-TheCalendarAppTests/Pods-TheCalendarAppTests.release.xcconfig"; sourceTree = "<group>"; };
		A099D6E2BE61F11F8A30F70A /* Pods-TheCalendarApp.release.xcconfig */ = {isa = PBXFileReference; includeInIndex = 1; lastKnownFileType = text.xcconfig; name = "Pods-TheCalendarApp.release.xcconfig"; path = "Target Support Files/Pods-TheCalendarApp/Pods-TheCalendarApp.release.xcconfig"; sourceTree = "<group>"; };
		D1D15E7F3D0461908F3E6C02 /* Pods_TheCalendarAppTests.framework */ = {isa = PBXFileReference; explicitFileType = wrapper.framework; includeInIndex = 0; path = Pods_TheCalendarAppTests.framework; sourceTree = BUILT_PRODUCTS_DIR; };
		DBE841A93545587C485895E2 /* Pods-TheCalendarAppTests.debug.xcconfig */ = {isa = PBXFileReference; includeInIndex = 1; lastKnownFileType = text.xcconfig; name = "Pods-TheCalendarAppTests.debug.xcconfig"; path = "Target Support Files/Pods-TheCalendarAppTests/Pods-TheCalendarAppTests.debug.xcconfig"; sourceTree = "<group>"; };
		E40F1334CD0C6CD23C757299 /* Pods_TheCalendarApp.framework */ = {isa = PBXFileReference; explicitFileType = wrapper.framework; includeInIndex = 0; path = Pods_TheCalendarApp.framework; sourceTree = BUILT_PRODUCTS_DIR; };
/* End PBXFileReference section */

/* Begin PBXFrameworksBuildPhase section */
		1910B142281C552600941BC3 /* Frameworks */ = {
			isa = PBXFrameworksBuildPhase;
			buildActionMask = 2147483647;
			files = (
				65513B43EB213430BD1B7BBD /* Pods_TheCalendarApp.framework in Frameworks */,
			);
			runOnlyForDeploymentPostprocessing = 0;
		};
		1910B158281C552800941BC3 /* Frameworks */ = {
			isa = PBXFrameworksBuildPhase;
			buildActionMask = 2147483647;
			files = (
				2CA1351906ED0DE2BA14AACB /* Pods_TheCalendarAppTests.framework in Frameworks */,
			);
			runOnlyForDeploymentPostprocessing = 0;
		};
		1910B162281C552800941BC3 /* Frameworks */ = {
			isa = PBXFrameworksBuildPhase;
			buildActionMask = 2147483647;
			files = (
			);
			runOnlyForDeploymentPostprocessing = 0;
		};
/* End PBXFrameworksBuildPhase section */

/* Begin PBXGroup section */
		1910B13C281C552600941BC3 = {
			isa = PBXGroup;
			children = (
				1910B147281C552600941BC3 /* TheCalendarApp */,
				1910B15E281C552800941BC3 /* TheCalendarAppTests */,
				1910B168281C552800941BC3 /* TheCalendarAppUITests */,
				1910B146281C552600941BC3 /* Products */,
				E534F1D995E0D0B715B97B2E /* Pods */,
				F4FD16ACDE258A492381FF6F /* Frameworks */,
			);
			sourceTree = "<group>";
		};
		1910B146281C552600941BC3 /* Products */ = {
			isa = PBXGroup;
			children = (
				1910B145281C552600941BC3 /* TheCalendarApp.app */,
				1910B15B281C552800941BC3 /* TheCalendarAppTests.xctest */,
				1910B165281C552800941BC3 /* TheCalendarAppUITests.xctest */,
			);
			name = Products;
			sourceTree = "<group>";
		};
		1910B147281C552600941BC3 /* TheCalendarApp */ = {
			isa = PBXGroup;
			children = (
				1910B178281C553400941BC3 /* Application */,
				1910B18B281C553400941BC3 /* Coordinators */,
				1910B18C281C553400941BC3 /* Core */,
				1910B19D281C553C00941BC3 /* Scenes */,
				1910B1B5281C5B8300941BC3 /* Components */,
				1910B17C281C553400941BC3 /* Extensions */,
				1910B181281C553400941BC3 /* Resources */,
				1910B17E281C553400941BC3 /* Utilities */,
				1910B153281C552700941BC3 /* LaunchScreen.storyboard */,
				1910B156281C552700941BC3 /* Info.plist */,
			);
			path = TheCalendarApp;
			sourceTree = "<group>";
		};
		1910B15E281C552800941BC3 /* TheCalendarAppTests */ = {
			isa = PBXGroup;
			children = (
				1910B15F281C552800941BC3 /* TheCalendarAppTests.swift */,
			);
			path = TheCalendarAppTests;
			sourceTree = "<group>";
		};
		1910B168281C552800941BC3 /* TheCalendarAppUITests */ = {
			isa = PBXGroup;
			children = (
				1910B169281C552800941BC3 /* TheCalendarAppUITests.swift */,
				1910B16B281C552800941BC3 /* TheCalendarAppUITestsLaunchTests.swift */,
			);
			path = TheCalendarAppUITests;
			sourceTree = "<group>";
		};
		1910B178281C553400941BC3 /* Application */ = {
			isa = PBXGroup;
			children = (
				1910B17A281C553400941BC3 /* AppDelegate.swift */,
				1910B17B281C553400941BC3 /* Application.swift */,
				1910B1E6281C653300941BC3 /* AppConstants */,
			);
			path = Application;
			sourceTree = "<group>";
		};
		1910B17C281C553400941BC3 /* Extensions */ = {
			isa = PBXGroup;
			children = (
				1910B1E2281C5CD000941BC3 /* Date+Ext.swift */,
				1910B1E4281C646D00941BC3 /* UIView+Ext.swift */,
			);
			path = Extensions;
			sourceTree = "<group>";
		};
		1910B17E281C553400941BC3 /* Utilities */ = {
			isa = PBXGroup;
			children = (
				1910B17F281C553400941BC3 /* Reusable.swift */,
				1910B180281C553400941BC3 /* DebugPrint.swift */,
			);
			path = Utilities;
			sourceTree = "<group>";
		};
		1910B181281C553400941BC3 /* Resources */ = {
			isa = PBXGroup;
			children = (
				1910B182281C553400941BC3 /* DesignSystem */,
				1910B185281C553400941BC3 /* Locales */,
				1910B18A281C553400941BC3 /* Assets.xcassets */,
			);
			path = Resources;
			sourceTree = "<group>";
		};
		1910B182281C553400941BC3 /* DesignSystem */ = {
			isa = PBXGroup;
			children = (
				1910B1D1281C5C4400941BC3 /* Colors */,
				1910B1D2281C5C6600941BC3 /* Fonts */,
			);
			path = DesignSystem;
			sourceTree = "<group>";
		};
		1910B185281C553400941BC3 /* Locales */ = {
			isa = PBXGroup;
			children = (
				1910B186281C553400941BC3 /* Localizable.strings */,
				1910B189281C553400941BC3 /* Locales.swift */,
			);
			path = Locales;
			sourceTree = "<group>";
		};
		1910B18B281C553400941BC3 /* Coordinators */ = {
			isa = PBXGroup;
			children = (
				1910B19F281C556500941BC3 /* AppCoordinator.swift */,
				1910B19E281C556500941BC3 /* CoordinatorProtocol.swift */,
				1910B1AE281C570E00941BC3 /* CalendarCoordinator.swift */,
			);
			path = Coordinators;
			sourceTree = "<group>";
		};
		1910B18C281C553400941BC3 /* Core */ = {
			isa = PBXGroup;
			children = (
				1910B18D281C553400941BC3 /* Entities */,
			);
			path = Core;
			sourceTree = "<group>";
		};
		1910B18D281C553400941BC3 /* Entities */ = {
			isa = PBXGroup;
			children = (
			);
			path = Entities;
			sourceTree = "<group>";
		};
		1910B19D281C553C00941BC3 /* Scenes */ = {
			isa = PBXGroup;
			children = (
				1910B1A2281C566F00941BC3 /* Calendar */,
			);
			path = Scenes;
			sourceTree = "<group>";
		};
		1910B1A2281C566F00941BC3 /* Calendar */ = {
			isa = PBXGroup;
			children = (
				1910B1B0281C580600941BC3 /* BookingCell */,
				1910B1A3281C566F00941BC3 /* CalendarPresenter.swift */,
				1910B1A4281C566F00941BC3 /* CalendarVC.swift */,
				1910B1A7281C566F00941BC3 /* CalendarConfigurator.swift */,
				1910B1A8281C566F00941BC3 /* CalendarContract.swift */,
				1910B1A5281C566F00941BC3 /* Calendar.storyboard */,
			);
			path = Calendar;
			sourceTree = "<group>";
		};
		1910B1B0281C580600941BC3 /* BookingCell */ = {
			isa = PBXGroup;
			children = (
				1910B1B1281C582000941BC3 /* BookingCell.swift */,
				1910B1B2281C582000941BC3 /* BookingCell.xib */,
			);
			path = BookingCell;
			sourceTree = "<group>";
		};
		1910B1B5281C5B8300941BC3 /* Components */ = {
			isa = PBXGroup;
			children = (
				1910B1B6281C5B8300941BC3 /* Calendar */,
				1910B1BC281C5B8300941BC3 /* AnimationView */,
			);
			path = Components;
			sourceTree = "<group>";
		};
		1910B1B6281C5B8300941BC3 /* Calendar */ = {
			isa = PBXGroup;
			children = (
				1910B1CC281C5BCA00941BC3 /* ViewData */,
				1910B1CB281C5BBF00941BC3 /* Cell */,
				1910B1B7281C5B8300941BC3 /* CalendarView.xib */,
				1910B1BB281C5B8300941BC3 /* CalendarView.swift */,
			);
			path = Calendar;
			sourceTree = "<group>";
		};
		1910B1BC281C5B8300941BC3 /* AnimationView */ = {
			isa = PBXGroup;
			children = (
				1910B1BD281C5B8300941BC3 /* AnimationClass.swift */,
				1910B1BE281C5B8300941BC3 /* AnimationView.swift */,
			);
			path = AnimationView;
			sourceTree = "<group>";
		};
		1910B1CB281C5BBF00941BC3 /* Cell */ = {
			isa = PBXGroup;
			children = (
				1910B1B8281C5B8300941BC3 /* CalendarCell.xib */,
				1910B1BA281C5B8300941BC3 /* CalendarCell.swift */,
			);
			path = Cell;
			sourceTree = "<group>";
		};
		1910B1CC281C5BCA00941BC3 /* ViewData */ = {
			isa = PBXGroup;
			children = (
				1910B1B9281C5B8300941BC3 /* CalendarDay.swift */,
			);
			path = ViewData;
			sourceTree = "<group>";
		};
		1910B1D1281C5C4400941BC3 /* Colors */ = {
			isa = PBXGroup;
			children = (
				1910B1CE281C5C3E00941BC3 /* Colors.swift */,
				1910B1CD281C5C3E00941BC3 /* Colors.xcassets */,
			);
			path = Colors;
			sourceTree = "<group>";
		};
		1910B1D2281C5C6600941BC3 /* Fonts */ = {
			isa = PBXGroup;
			children = (
				1910B1D3281C5C6600941BC3 /* DMSans */,
				1910B1DA281C5C6600941BC3 /* Fonts.swift */,
			);
			path = Fonts;
			sourceTree = "<group>";
		};
		1910B1D3281C5C6600941BC3 /* DMSans */ = {
			isa = PBXGroup;
			children = (
				1910B1D4281C5C6600941BC3 /* DMSans-Regular.ttf */,
				1910B1D5281C5C6600941BC3 /* DMSans-Medium.ttf */,
				1910B1D6281C5C6600941BC3 /* DMSans-Bold.ttf */,
				1910B1D7281C5C6600941BC3 /* DMSans-BoldItalic.ttf */,
				1910B1D8281C5C6600941BC3 /* DMSans-MediumItalic.ttf */,
				1910B1D9281C5C6600941BC3 /* DMSans-Italic.ttf */,
			);
			path = DMSans;
			sourceTree = "<group>";
		};
		1910B1E6281C653300941BC3 /* AppConstants */ = {
			isa = PBXGroup;
			children = (
				1910B179281C553400941BC3 /* AppConstants.swift */,
			);
			path = AppConstants;
			sourceTree = "<group>";
		};
		E534F1D995E0D0B715B97B2E /* Pods */ = {
			isa = PBXGroup;
			children = (
				3EDB7E8658CE90AB16AEF123 /* Pods-TheCalendarApp.debug.xcconfig */,
				A099D6E2BE61F11F8A30F70A /* Pods-TheCalendarApp.release.xcconfig */,
				DBE841A93545587C485895E2 /* Pods-TheCalendarAppTests.debug.xcconfig */,
				A0636BA58AE5A162810CE722 /* Pods-TheCalendarAppTests.release.xcconfig */,
			);
			path = Pods;
			sourceTree = "<group>";
		};
		F4FD16ACDE258A492381FF6F /* Frameworks */ = {
			isa = PBXGroup;
			children = (
				E40F1334CD0C6CD23C757299 /* Pods_TheCalendarApp.framework */,
				D1D15E7F3D0461908F3E6C02 /* Pods_TheCalendarAppTests.framework */,
			);
			name = Frameworks;
			sourceTree = "<group>";
		};
/* End PBXGroup section */

/* Begin PBXNativeTarget section */
		1910B144281C552600941BC3 /* TheCalendarApp */ = {
			isa = PBXNativeTarget;
			buildConfigurationList = 1910B16F281C552800941BC3 /* Build configuration list for PBXNativeTarget "TheCalendarApp" */;
			buildPhases = (
				61AFBE5E3582DE825FF276B8 /* [CP] Check Pods Manifest.lock */,
				1910B141281C552600941BC3 /* Sources */,
				1910B142281C552600941BC3 /* Frameworks */,
				1910B143281C552600941BC3 /* Resources */,
				C6DC4283EFBEA14A5528CC22 /* [CP] Embed Pods Frameworks */,
			);
			buildRules = (
			);
			dependencies = (
			);
			name = TheCalendarApp;
			productName = TheCalendarApp;
			productReference = 1910B145281C552600941BC3 /* TheCalendarApp.app */;
			productType = "com.apple.product-type.application";
		};
		1910B15A281C552800941BC3 /* TheCalendarAppTests */ = {
			isa = PBXNativeTarget;
			buildConfigurationList = 1910B172281C552800941BC3 /* Build configuration list for PBXNativeTarget "TheCalendarAppTests" */;
			buildPhases = (
				114CF5AB95B62070C396B792 /* [CP] Check Pods Manifest.lock */,
				1910B157281C552800941BC3 /* Sources */,
				1910B158281C552800941BC3 /* Frameworks */,
				1910B159281C552800941BC3 /* Resources */,
			);
			buildRules = (
			);
			dependencies = (
				1910B15D281C552800941BC3 /* PBXTargetDependency */,
			);
			name = TheCalendarAppTests;
			productName = TheCalendarAppTests;
			productReference = 1910B15B281C552800941BC3 /* TheCalendarAppTests.xctest */;
			productType = "com.apple.product-type.bundle.unit-test";
		};
		1910B164281C552800941BC3 /* TheCalendarAppUITests */ = {
			isa = PBXNativeTarget;
			buildConfigurationList = 1910B175281C552800941BC3 /* Build configuration list for PBXNativeTarget "TheCalendarAppUITests" */;
			buildPhases = (
				1910B161281C552800941BC3 /* Sources */,
				1910B162281C552800941BC3 /* Frameworks */,
				1910B163281C552800941BC3 /* Resources */,
			);
			buildRules = (
			);
			dependencies = (
				1910B167281C552800941BC3 /* PBXTargetDependency */,
			);
			name = TheCalendarAppUITests;
			productName = TheCalendarAppUITests;
			productReference = 1910B165281C552800941BC3 /* TheCalendarAppUITests.xctest */;
			productType = "com.apple.product-type.bundle.ui-testing";
		};
/* End PBXNativeTarget section */

/* Begin PBXProject section */
		1910B13D281C552600941BC3 /* Project object */ = {
			isa = PBXProject;
			attributes = {
				BuildIndependentTargetsInParallel = 1;
				LastSwiftUpdateCheck = 1320;
				LastUpgradeCheck = 1320;
				TargetAttributes = {
					1910B144281C552600941BC3 = {
						CreatedOnToolsVersion = 13.2.1;
					};
					1910B15A281C552800941BC3 = {
						CreatedOnToolsVersion = 13.2.1;
						TestTargetID = 1910B144281C552600941BC3;
					};
					1910B164281C552800941BC3 = {
						CreatedOnToolsVersion = 13.2.1;
						TestTargetID = 1910B144281C552600941BC3;
					};
				};
			};
			buildConfigurationList = 1910B140281C552600941BC3 /* Build configuration list for PBXProject "TheCalendarApp" */;
			compatibilityVersion = "Xcode 13.0";
			developmentRegion = en;
			hasScannedForEncodings = 0;
			knownRegions = (
				en,
				Base,
				es,
			);
			mainGroup = 1910B13C281C552600941BC3;
			productRefGroup = 1910B146281C552600941BC3 /* Products */;
			projectDirPath = "";
			projectRoot = "";
			targets = (
				1910B144281C552600941BC3 /* TheCalendarApp */,
				1910B15A281C552800941BC3 /* TheCalendarAppTests */,
				1910B164281C552800941BC3 /* TheCalendarAppUITests */,
			);
		};
/* End PBXProject section */

/* Begin PBXResourcesBuildPhase section */
		1910B143281C552600941BC3 /* Resources */ = {
			isa = PBXResourcesBuildPhase;
			buildActionMask = 2147483647;
			files = (
				1910B198281C553400941BC3 /* Localizable.strings in Resources */,
				1910B155281C552700941BC3 /* LaunchScreen.storyboard in Resources */,
				1910B1E0281C5C6600941BC3 /* DMSans-Italic.ttf in Resources */,
				1910B1C3281C5B8300941BC3 /* CalendarCell.xib in Resources */,
				1910B1DB281C5C6600941BC3 /* DMSans-Regular.ttf in Resources */,
				1910B1B4281C582000941BC3 /* BookingCell.xib in Resources */,
				1910B1DC281C5C6600941BC3 /* DMSans-Medium.ttf in Resources */,
				1910B1C2281C5B8300941BC3 /* CalendarView.xib in Resources */,
				1910B1CF281C5C3E00941BC3 /* Colors.xcassets in Resources */,
				1910B1AB281C566F00941BC3 /* Calendar.storyboard in Resources */,
				1910B19A281C553400941BC3 /* Assets.xcassets in Resources */,
				1910B1DD281C5C6600941BC3 /* DMSans-Bold.ttf in Resources */,
				1910B1DF281C5C6600941BC3 /* DMSans-MediumItalic.ttf in Resources */,
				1910B1DE281C5C6600941BC3 /* DMSans-BoldItalic.ttf in Resources */,
			);
			runOnlyForDeploymentPostprocessing = 0;
		};
		1910B159281C552800941BC3 /* Resources */ = {
			isa = PBXResourcesBuildPhase;
			buildActionMask = 2147483647;
			files = (
			);
			runOnlyForDeploymentPostprocessing = 0;
		};
		1910B163281C552800941BC3 /* Resources */ = {
			isa = PBXResourcesBuildPhase;
			buildActionMask = 2147483647;
			files = (
			);
			runOnlyForDeploymentPostprocessing = 0;
		};
/* End PBXResourcesBuildPhase section */

/* Begin PBXShellScriptBuildPhase section */
		114CF5AB95B62070C396B792 /* [CP] Check Pods Manifest.lock */ = {
			isa = PBXShellScriptBuildPhase;
			buildActionMask = 2147483647;
			files = (
			);
			inputFileListPaths = (
			);
			inputPaths = (
				"${PODS_PODFILE_DIR_PATH}/Podfile.lock",
				"${PODS_ROOT}/Manifest.lock",
			);
			name = "[CP] Check Pods Manifest.lock";
			outputFileListPaths = (
			);
			outputPaths = (
				"$(DERIVED_FILE_DIR)/Pods-TheCalendarAppTests-checkManifestLockResult.txt",
			);
			runOnlyForDeploymentPostprocessing = 0;
			shellPath = /bin/sh;
			shellScript = "diff \"${PODS_PODFILE_DIR_PATH}/Podfile.lock\" \"${PODS_ROOT}/Manifest.lock\" > /dev/null\nif [ $? != 0 ] ; then\n    # print error to STDERR\n    echo \"error: The sandbox is not in sync with the Podfile.lock. Run 'pod install' or update your CocoaPods installation.\" >&2\n    exit 1\nfi\n# This output is used by Xcode 'outputs' to avoid re-running this script phase.\necho \"SUCCESS\" > \"${SCRIPT_OUTPUT_FILE_0}\"\n";
			showEnvVarsInLog = 0;
		};
		61AFBE5E3582DE825FF276B8 /* [CP] Check Pods Manifest.lock */ = {
			isa = PBXShellScriptBuildPhase;
			buildActionMask = 2147483647;
			files = (
			);
			inputFileListPaths = (
			);
			inputPaths = (
				"${PODS_PODFILE_DIR_PATH}/Podfile.lock",
				"${PODS_ROOT}/Manifest.lock",
			);
			name = "[CP] Check Pods Manifest.lock";
			outputFileListPaths = (
			);
			outputPaths = (
				"$(DERIVED_FILE_DIR)/Pods-TheCalendarApp-checkManifestLockResult.txt",
			);
			runOnlyForDeploymentPostprocessing = 0;
			shellPath = /bin/sh;
			shellScript = "diff \"${PODS_PODFILE_DIR_PATH}/Podfile.lock\" \"${PODS_ROOT}/Manifest.lock\" > /dev/null\nif [ $? != 0 ] ; then\n    # print error to STDERR\n    echo \"error: The sandbox is not in sync with the Podfile.lock. Run 'pod install' or update your CocoaPods installation.\" >&2\n    exit 1\nfi\n# This output is used by Xcode 'outputs' to avoid re-running this script phase.\necho \"SUCCESS\" > \"${SCRIPT_OUTPUT_FILE_0}\"\n";
			showEnvVarsInLog = 0;
		};
		C6DC4283EFBEA14A5528CC22 /* [CP] Embed Pods Frameworks */ = {
			isa = PBXShellScriptBuildPhase;
			buildActionMask = 2147483647;
			files = (
			);
			inputFileListPaths = (
				"${PODS_ROOT}/Target Support Files/Pods-TheCalendarApp/Pods-TheCalendarApp-frameworks-${CONFIGURATION}-input-files.xcfilelist",
			);
			name = "[CP] Embed Pods Frameworks";
			outputFileListPaths = (
				"${PODS_ROOT}/Target Support Files/Pods-TheCalendarApp/Pods-TheCalendarApp-frameworks-${CONFIGURATION}-output-files.xcfilelist",
			);
			runOnlyForDeploymentPostprocessing = 0;
			shellPath = /bin/sh;
			shellScript = "\"${PODS_ROOT}/Target Support Files/Pods-TheCalendarApp/Pods-TheCalendarApp-frameworks.sh\"\n";
			showEnvVarsInLog = 0;
		};
/* End PBXShellScriptBuildPhase section */

/* Begin PBXSourcesBuildPhase section */
		1910B141281C552600941BC3 /* Sources */ = {
			isa = PBXSourcesBuildPhase;
			buildActionMask = 2147483647;
			files = (
				1910B1A1281C556500941BC3 /* AppCoordinator.swift in Sources */,
				1910B1D0281C5C3E00941BC3 /* Colors.swift in Sources */,
				1910B1C8281C5B8300941BC3 /* AnimationView.swift in Sources */,
				1910B1C5281C5B8300941BC3 /* CalendarCell.swift in Sources */,
				1910B1AA281C566F00941BC3 /* CalendarVC.swift in Sources */,
				1910B1A0281C556500941BC3 /* CoordinatorProtocol.swift in Sources */,
				1910B1C4281C5B8300941BC3 /* CalendarDay.swift in Sources */,
				1910B1E1281C5C6600941BC3 /* Fonts.swift in Sources */,
				1910B192281C553400941BC3 /* Application.swift in Sources */,
				1910B194281C553400941BC3 /* Reusable.swift in Sources */,
				1910B199281C553400941BC3 /* Locales.swift in Sources */,
				1910B191281C553400941BC3 /* AppDelegate.swift in Sources */,
				1910B1C7281C5B8300941BC3 /* AnimationClass.swift in Sources */,
				1910B1AF281C570E00941BC3 /* CalendarCoordinator.swift in Sources */,
				1910B190281C553400941BC3 /* AppConstants.swift in Sources */,
				1910B1AD281C566F00941BC3 /* CalendarContract.swift in Sources */,
				1910B1B3281C582000941BC3 /* BookingCell.swift in Sources */,
				1910B1E3281C5CD000941BC3 /* Date+Ext.swift in Sources */,
				1910B1C6281C5B8300941BC3 /* CalendarView.swift in Sources */,
				1910B1A9281C566F00941BC3 /* CalendarPresenter.swift in Sources */,
				1910B1AC281C566F00941BC3 /* CalendarConfigurator.swift in Sources */,
				1910B1E5281C646D00941BC3 /* UIView+Ext.swift in Sources */,
				1910B195281C553400941BC3 /* DebugPrint.swift in Sources */,
			);
			runOnlyForDeploymentPostprocessing = 0;
		};
		1910B157281C552800941BC3 /* Sources */ = {
			isa = PBXSourcesBuildPhase;
			buildActionMask = 2147483647;
			files = (
				1910B160281C552800941BC3 /* TheCalendarAppTests.swift in Sources */,
			);
			runOnlyForDeploymentPostprocessing = 0;
		};
		1910B161281C552800941BC3 /* Sources */ = {
			isa = PBXSourcesBuildPhase;
			buildActionMask = 2147483647;
			files = (
				1910B16C281C552800941BC3 /* TheCalendarAppUITestsLaunchTests.swift in Sources */,
				1910B16A281C552800941BC3 /* TheCalendarAppUITests.swift in Sources */,
			);
			runOnlyForDeploymentPostprocessing = 0;
		};
/* End PBXSourcesBuildPhase section */

/* Begin PBXTargetDependency section */
		1910B15D281C552800941BC3 /* PBXTargetDependency */ = {
			isa = PBXTargetDependency;
			target = 1910B144281C552600941BC3 /* TheCalendarApp */;
			targetProxy = 1910B15C281C552800941BC3 /* PBXContainerItemProxy */;
		};
		1910B167281C552800941BC3 /* PBXTargetDependency */ = {
			isa = PBXTargetDependency;
			target = 1910B144281C552600941BC3 /* TheCalendarApp */;
			targetProxy = 1910B166281C552800941BC3 /* PBXContainerItemProxy */;
		};
/* End PBXTargetDependency section */

/* Begin PBXVariantGroup section */
		1910B153281C552700941BC3 /* LaunchScreen.storyboard */ = {
			isa = PBXVariantGroup;
			children = (
				1910B154281C552700941BC3 /* Base */,
			);
			name = LaunchScreen.storyboard;
			sourceTree = "<group>";
		};
		1910B186281C553400941BC3 /* Localizable.strings */ = {
			isa = PBXVariantGroup;
			children = (
				1910B187281C553400941BC3 /* en */,
				1910B188281C553400941BC3 /* es */,
			);
			name = Localizable.strings;
			sourceTree = "<group>";
		};
		1910B1A5281C566F00941BC3 /* Calendar.storyboard */ = {
			isa = PBXVariantGroup;
			children = (
				1910B1A6281C566F00941BC3 /* Base */,
			);
			name = Calendar.storyboard;
			sourceTree = "<group>";
		};
/* End PBXVariantGroup section */

/* Begin XCBuildConfiguration section */
		1910B16D281C552800941BC3 /* Debug */ = {
			isa = XCBuildConfiguration;
			buildSettings = {
				ALWAYS_SEARCH_USER_PATHS = NO;
				CLANG_ANALYZER_NONNULL = YES;
				CLANG_ANALYZER_NUMBER_OBJECT_CONVERSION = YES_AGGRESSIVE;
				CLANG_CXX_LANGUAGE_STANDARD = "gnu++17";
				CLANG_CXX_LIBRARY = "libc++";
				CLANG_ENABLE_MODULES = YES;
				CLANG_ENABLE_OBJC_ARC = YES;
				CLANG_ENABLE_OBJC_WEAK = YES;
				CLANG_WARN_BLOCK_CAPTURE_AUTORELEASING = YES;
				CLANG_WARN_BOOL_CONVERSION = YES;
				CLANG_WARN_COMMA = YES;
				CLANG_WARN_CONSTANT_CONVERSION = YES;
				CLANG_WARN_DEPRECATED_OBJC_IMPLEMENTATIONS = YES;
				CLANG_WARN_DIRECT_OBJC_ISA_USAGE = YES_ERROR;
				CLANG_WARN_DOCUMENTATION_COMMENTS = YES;
				CLANG_WARN_EMPTY_BODY = YES;
				CLANG_WARN_ENUM_CONVERSION = YES;
				CLANG_WARN_INFINITE_RECURSION = YES;
				CLANG_WARN_INT_CONVERSION = YES;
				CLANG_WARN_NON_LITERAL_NULL_CONVERSION = YES;
				CLANG_WARN_OBJC_IMPLICIT_RETAIN_SELF = YES;
				CLANG_WARN_OBJC_LITERAL_CONVERSION = YES;
				CLANG_WARN_OBJC_ROOT_CLASS = YES_ERROR;
				CLANG_WARN_QUOTED_INCLUDE_IN_FRAMEWORK_HEADER = YES;
				CLANG_WARN_RANGE_LOOP_ANALYSIS = YES;
				CLANG_WARN_STRICT_PROTOTYPES = YES;
				CLANG_WARN_SUSPICIOUS_MOVE = YES;
				CLANG_WARN_UNGUARDED_AVAILABILITY = YES_AGGRESSIVE;
				CLANG_WARN_UNREACHABLE_CODE = YES;
				CLANG_WARN__DUPLICATE_METHOD_MATCH = YES;
				COPY_PHASE_STRIP = NO;
				DEBUG_INFORMATION_FORMAT = dwarf;
				ENABLE_STRICT_OBJC_MSGSEND = YES;
				ENABLE_TESTABILITY = YES;
				GCC_C_LANGUAGE_STANDARD = gnu11;
				GCC_DYNAMIC_NO_PIC = NO;
				GCC_NO_COMMON_BLOCKS = YES;
				GCC_OPTIMIZATION_LEVEL = 0;
				GCC_PREPROCESSOR_DEFINITIONS = (
					"DEBUG=1",
					"$(inherited)",
				);
				GCC_WARN_64_TO_32_BIT_CONVERSION = YES;
				GCC_WARN_ABOUT_RETURN_TYPE = YES_ERROR;
				GCC_WARN_UNDECLARED_SELECTOR = YES;
				GCC_WARN_UNINITIALIZED_AUTOS = YES_AGGRESSIVE;
				GCC_WARN_UNUSED_FUNCTION = YES;
				GCC_WARN_UNUSED_VARIABLE = YES;
				IPHONEOS_DEPLOYMENT_TARGET = 15.2;
				MTL_ENABLE_DEBUG_INFO = INCLUDE_SOURCE;
				MTL_FAST_MATH = YES;
				ONLY_ACTIVE_ARCH = YES;
				SDKROOT = iphoneos;
				SWIFT_ACTIVE_COMPILATION_CONDITIONS = DEBUG;
				SWIFT_OPTIMIZATION_LEVEL = "-Onone";
			};
			name = Debug;
		};
		1910B16E281C552800941BC3 /* Release */ = {
			isa = XCBuildConfiguration;
			buildSettings = {
				ALWAYS_SEARCH_USER_PATHS = NO;
				CLANG_ANALYZER_NONNULL = YES;
				CLANG_ANALYZER_NUMBER_OBJECT_CONVERSION = YES_AGGRESSIVE;
				CLANG_CXX_LANGUAGE_STANDARD = "gnu++17";
				CLANG_CXX_LIBRARY = "libc++";
				CLANG_ENABLE_MODULES = YES;
				CLANG_ENABLE_OBJC_ARC = YES;
				CLANG_ENABLE_OBJC_WEAK = YES;
				CLANG_WARN_BLOCK_CAPTURE_AUTORELEASING = YES;
				CLANG_WARN_BOOL_CONVERSION = YES;
				CLANG_WARN_COMMA = YES;
				CLANG_WARN_CONSTANT_CONVERSION = YES;
				CLANG_WARN_DEPRECATED_OBJC_IMPLEMENTATIONS = YES;
				CLANG_WARN_DIRECT_OBJC_ISA_USAGE = YES_ERROR;
				CLANG_WARN_DOCUMENTATION_COMMENTS = YES;
				CLANG_WARN_EMPTY_BODY = YES;
				CLANG_WARN_ENUM_CONVERSION = YES;
				CLANG_WARN_INFINITE_RECURSION = YES;
				CLANG_WARN_INT_CONVERSION = YES;
				CLANG_WARN_NON_LITERAL_NULL_CONVERSION = YES;
				CLANG_WARN_OBJC_IMPLICIT_RETAIN_SELF = YES;
				CLANG_WARN_OBJC_LITERAL_CONVERSION = YES;
				CLANG_WARN_OBJC_ROOT_CLASS = YES_ERROR;
				CLANG_WARN_QUOTED_INCLUDE_IN_FRAMEWORK_HEADER = YES;
				CLANG_WARN_RANGE_LOOP_ANALYSIS = YES;
				CLANG_WARN_STRICT_PROTOTYPES = YES;
				CLANG_WARN_SUSPICIOUS_MOVE = YES;
				CLANG_WARN_UNGUARDED_AVAILABILITY = YES_AGGRESSIVE;
				CLANG_WARN_UNREACHABLE_CODE = YES;
				CLANG_WARN__DUPLICATE_METHOD_MATCH = YES;
				COPY_PHASE_STRIP = NO;
				DEBUG_INFORMATION_FORMAT = "dwarf-with-dsym";
				ENABLE_NS_ASSERTIONS = NO;
				ENABLE_STRICT_OBJC_MSGSEND = YES;
				GCC_C_LANGUAGE_STANDARD = gnu11;
				GCC_NO_COMMON_BLOCKS = YES;
				GCC_WARN_64_TO_32_BIT_CONVERSION = YES;
				GCC_WARN_ABOUT_RETURN_TYPE = YES_ERROR;
				GCC_WARN_UNDECLARED_SELECTOR = YES;
				GCC_WARN_UNINITIALIZED_AUTOS = YES_AGGRESSIVE;
				GCC_WARN_UNUSED_FUNCTION = YES;
				GCC_WARN_UNUSED_VARIABLE = YES;
				IPHONEOS_DEPLOYMENT_TARGET = 15.2;
				MTL_ENABLE_DEBUG_INFO = NO;
				MTL_FAST_MATH = YES;
				SDKROOT = iphoneos;
				SWIFT_COMPILATION_MODE = wholemodule;
				SWIFT_OPTIMIZATION_LEVEL = "-O";
				VALIDATE_PRODUCT = YES;
			};
			name = Release;
		};
		1910B170281C552800941BC3 /* Debug */ = {
			isa = XCBuildConfiguration;
			baseConfigurationReference = 3EDB7E8658CE90AB16AEF123 /* Pods-TheCalendarApp.debug.xcconfig */;
			buildSettings = {
				ASSETCATALOG_COMPILER_APPICON_NAME = AppIcon;
				ASSETCATALOG_COMPILER_GLOBAL_ACCENT_COLOR_NAME = AccentColor;
				CODE_SIGN_STYLE = Automatic;
				CURRENT_PROJECT_VERSION = 1;
				DEVELOPMENT_TEAM = MMHQA694HT;
				GENERATE_INFOPLIST_FILE = YES;
				INFOPLIST_FILE = TheCalendarApp/Info.plist;
				INFOPLIST_KEY_UIApplicationSupportsIndirectInputEvents = YES;
				INFOPLIST_KEY_UILaunchStoryboardName = LaunchScreen;
				INFOPLIST_KEY_UISupportedInterfaceOrientations_iPad = "UIInterfaceOrientationPortrait UIInterfaceOrientationPortraitUpsideDown UIInterfaceOrientationLandscapeLeft UIInterfaceOrientationLandscapeRight";
				INFOPLIST_KEY_UISupportedInterfaceOrientations_iPhone = "UIInterfaceOrientationPortrait UIInterfaceOrientationLandscapeLeft UIInterfaceOrientationLandscapeRight";
				LD_RUNPATH_SEARCH_PATHS = (
					"$(inherited)",
					"@executable_path/Frameworks",
				);
				MARKETING_VERSION = 1.0;
				PRODUCT_BUNDLE_IDENTIFIER = com.aagudo.TheCalendarApp;
				PRODUCT_NAME = "$(TARGET_NAME)";
				SWIFT_EMIT_LOC_STRINGS = YES;
				SWIFT_VERSION = 5.0;
				TARGETED_DEVICE_FAMILY = "1,2";
			};
			name = Debug;
		};
		1910B171281C552800941BC3 /* Release */ = {
			isa = XCBuildConfiguration;
			baseConfigurationReference = A099D6E2BE61F11F8A30F70A /* Pods-TheCalendarApp.release.xcconfig */;
			buildSettings = {
				ASSETCATALOG_COMPILER_APPICON_NAME = AppIcon;
				ASSETCATALOG_COMPILER_GLOBAL_ACCENT_COLOR_NAME = AccentColor;
				CODE_SIGN_STYLE = Automatic;
				CURRENT_PROJECT_VERSION = 1;
				DEVELOPMENT_TEAM = MMHQA694HT;
				GENERATE_INFOPLIST_FILE = YES;
				INFOPLIST_FILE = TheCalendarApp/Info.plist;
				INFOPLIST_KEY_UIApplicationSupportsIndirectInputEvents = YES;
				INFOPLIST_KEY_UILaunchStoryboardName = LaunchScreen;
				INFOPLIST_KEY_UISupportedInterfaceOrientations_iPad = "UIInterfaceOrientationPortrait UIInterfaceOrientationPortraitUpsideDown UIInterfaceOrientationLandscapeLeft UIInterfaceOrientationLandscapeRight";
				INFOPLIST_KEY_UISupportedInterfaceOrientations_iPhone = "UIInterfaceOrientationPortrait UIInterfaceOrientationLandscapeLeft UIInterfaceOrientationLandscapeRight";
				LD_RUNPATH_SEARCH_PATHS = (
					"$(inherited)",
					"@executable_path/Frameworks",
				);
				MARKETING_VERSION = 1.0;
				PRODUCT_BUNDLE_IDENTIFIER = com.aagudo.TheCalendarApp;
				PRODUCT_NAME = "$(TARGET_NAME)";
				SWIFT_EMIT_LOC_STRINGS = YES;
				SWIFT_VERSION = 5.0;
				TARGETED_DEVICE_FAMILY = "1,2";
			};
			name = Release;
		};
		1910B173281C552800941BC3 /* Debug */ = {
			isa = XCBuildConfiguration;
			baseConfigurationReference = DBE841A93545587C485895E2 /* Pods-TheCalendarAppTests.debug.xcconfig */;
			buildSettings = {
				ALWAYS_EMBED_SWIFT_STANDARD_LIBRARIES = YES;
				BUNDLE_LOADER = "$(TEST_HOST)";
				CODE_SIGN_STYLE = Automatic;
				CURRENT_PROJECT_VERSION = 1;
				DEVELOPMENT_TEAM = MMHQA694HT;
				GENERATE_INFOPLIST_FILE = YES;
				IPHONEOS_DEPLOYMENT_TARGET = 15.2;
				MARKETING_VERSION = 1.0;
				PRODUCT_BUNDLE_IDENTIFIER = com.aagudo.TheCalendarAppTests;
				PRODUCT_NAME = "$(TARGET_NAME)";
				SWIFT_EMIT_LOC_STRINGS = NO;
				SWIFT_VERSION = 5.0;
				TARGETED_DEVICE_FAMILY = "1,2";
				TEST_HOST = "$(BUILT_PRODUCTS_DIR)/TheCalendarApp.app/TheCalendarApp";
			};
			name = Debug;
		};
		1910B174281C552800941BC3 /* Release */ = {
			isa = XCBuildConfiguration;
			baseConfigurationReference = A0636BA58AE5A162810CE722 /* Pods-TheCalendarAppTests.release.xcconfig */;
			buildSettings = {
				ALWAYS_EMBED_SWIFT_STANDARD_LIBRARIES = YES;
				BUNDLE_LOADER = "$(TEST_HOST)";
				CODE_SIGN_STYLE = Automatic;
				CURRENT_PROJECT_VERSION = 1;
				DEVELOPMENT_TEAM = MMHQA694HT;
				GENERATE_INFOPLIST_FILE = YES;
				IPHONEOS_DEPLOYMENT_TARGET = 15.2;
				MARKETING_VERSION = 1.0;
				PRODUCT_BUNDLE_IDENTIFIER = com.aagudo.TheCalendarAppTests;
				PRODUCT_NAME = "$(TARGET_NAME)";
				SWIFT_EMIT_LOC_STRINGS = NO;
				SWIFT_VERSION = 5.0;
				TARGETED_DEVICE_FAMILY = "1,2";
				TEST_HOST = "$(BUILT_PRODUCTS_DIR)/TheCalendarApp.app/TheCalendarApp";
			};
			name = Release;
		};
		1910B176281C552800941BC3 /* Debug */ = {
			isa = XCBuildConfiguration;
			buildSettings = {
				ALWAYS_EMBED_SWIFT_STANDARD_LIBRARIES = YES;
				CODE_SIGN_STYLE = Automatic;
				CURRENT_PROJECT_VERSION = 1;
				DEVELOPMENT_TEAM = MMHQA694HT;
				GENERATE_INFOPLIST_FILE = YES;
				MARKETING_VERSION = 1.0;
				PRODUCT_BUNDLE_IDENTIFIER = com.aagudo.TheCalendarAppUITests;
				PRODUCT_NAME = "$(TARGET_NAME)";
				SWIFT_EMIT_LOC_STRINGS = NO;
				SWIFT_VERSION = 5.0;
				TARGETED_DEVICE_FAMILY = "1,2";
				TEST_TARGET_NAME = TheCalendarApp;
			};
			name = Debug;
		};
		1910B177281C552800941BC3 /* Release */ = {
			isa = XCBuildConfiguration;
			buildSettings = {
				ALWAYS_EMBED_SWIFT_STANDARD_LIBRARIES = YES;
				CODE_SIGN_STYLE = Automatic;
				CURRENT_PROJECT_VERSION = 1;
				DEVELOPMENT_TEAM = MMHQA694HT;
				GENERATE_INFOPLIST_FILE = YES;
				MARKETING_VERSION = 1.0;
				PRODUCT_BUNDLE_IDENTIFIER = com.aagudo.TheCalendarAppUITests;
				PRODUCT_NAME = "$(TARGET_NAME)";
				SWIFT_EMIT_LOC_STRINGS = NO;
				SWIFT_VERSION = 5.0;
				TARGETED_DEVICE_FAMILY = "1,2";
				TEST_TARGET_NAME = TheCalendarApp;
			};
			name = Release;
		};
/* End XCBuildConfiguration section */

/* Begin XCConfigurationList section */
		1910B140281C552600941BC3 /* Build configuration list for PBXProject "TheCalendarApp" */ = {
			isa = XCConfigurationList;
			buildConfigurations = (
				1910B16D281C552800941BC3 /* Debug */,
				1910B16E281C552800941BC3 /* Release */,
			);
			defaultConfigurationIsVisible = 0;
			defaultConfigurationName = Release;
		};
		1910B16F281C552800941BC3 /* Build configuration list for PBXNativeTarget "TheCalendarApp" */ = {
			isa = XCConfigurationList;
			buildConfigurations = (
				1910B170281C552800941BC3 /* Debug */,
				1910B171281C552800941BC3 /* Release */,
			);
			defaultConfigurationIsVisible = 0;
			defaultConfigurationName = Release;
		};
		1910B172281C552800941BC3 /* Build configuration list for PBXNativeTarget "TheCalendarAppTests" */ = {
			isa = XCConfigurationList;
			buildConfigurations = (
				1910B173281C552800941BC3 /* Debug */,
				1910B174281C552800941BC3 /* Release */,
			);
			defaultConfigurationIsVisible = 0;
			defaultConfigurationName = Release;
		};
		1910B175281C552800941BC3 /* Build configuration list for PBXNativeTarget "TheCalendarAppUITests" */ = {
			isa = XCConfigurationList;
			buildConfigurations = (
				1910B176281C552800941BC3 /* Debug */,
				1910B177281C552800941BC3 /* Release */,
			);
			defaultConfigurationIsVisible = 0;
			defaultConfigurationName = Release;
		};
/* End XCConfigurationList section */
	};
	rootObject = 1910B13D281C552600941BC3 /* Project object */;
}
